
Microsoft Visual Studio Solution File, Format Version 12.00
# Visual Studio Version 16
VisualStudioVersion = 16.0.29613.14
MinimumVisualStudioVersion = 10.0.40219.1
Project("{FAE04EC0-301F-11D3-BF4B-00C04F79EFBC}") = "ExOnDataAccess", "ExOnDataAccess.csproj", "{64112344-4C48-4183-B728-DB884E28364C}"
EndProject
Project("{FAE04EC0-301F-11D3-BF4B-00C04F79EFBC}") = "EXClient", "..\EXClient\EXClient.csproj", "{5D34BCAC-55E0-4011-8322-EB987E706EA2}"
EndProject
Global
	GlobalSection(SolutionConfigurationPlatforms) = preSolution
		Debug|Any CPU = Debug|Any CPU
		Release|Any CPU = Release|Any CPU
	EndGlobalSection
	GlobalSection(ProjectConfigurationPlatforms) = postSolution
		{64112344-4C48-4183-B728-DB884E28364C}.Debug|Any CPU.ActiveCfg = Debug|Any CPU
		{64112344-4C48-4183-B728-DB884E28364C}.Debug|Any CPU.Build.0 = Debug|Any CPU
		{64112344-4C48-4183-B728-DB884E28364C}.Release|Any CPU.ActiveCfg = Release|Any CPU
		{64112344-4C48-4183-B728-DB884E28364C}.Release|Any CPU.Build.0 = Release|Any CPU
		{5D34BCAC-55E0-4011-8322-EB987E706EA2}.Debug|Any CPU.ActiveCfg = Debug|Any CPU
		{5D34BCAC-55E0-4011-8322-EB987E706EA2}.Debug|Any CPU.Build.0 = Debug|Any CPU
		{5D34BCAC-55E0-4011-8322-EB987E706EA2}.Release|Any CPU.ActiveCfg = Release|Any CPU
		{5D34BCAC-55E0-4011-8322-EB987E706EA2}.Release|Any CPU.Build.0 = Release|Any CPU
	EndGlobalSection
	GlobalSection(SolutionProperties) = preSolution
		HideSolutionNode = FALSE
	EndGlobalSection
	GlobalSection(ExtensibilityGlobals) = postSolution
		SolutionGuid = {E8154739-E008-4105-95A5-251F4D6073D7}
	EndGlobalSection
EndGlobal
